dependencies:
- name: minio
  repository: https://charts.min.io/
  version: 5.0.14
- name: grafana-agent-operator
  repository: https://grafana.github.io/helm-charts
  version: 0.3.11
- name: rollout-operator
  repository: https://grafana.github.io/helm-charts
  version: 0.10.0
- name: grafana
  repository: https://grafana.github.io/helm-charts
  version: 7.0.22
digest: sha256:d8cdf05f95c4970d261b339459f22bd0767b98bc95064e6c921f47ae084db8c6
generated: "2024-01-18T12:31:15.645775+08:00"
